[[package]]
name = "absl-py"
version = "1.4.0"
description = "Abseil Python Common Libraries, see https://github.com/abseil/abseil-py."
category = "main"
optional = false
python-versions = ">=3.6"

[[package]]
name = "astunparse"
version = "1.6.3"
description = "An AST unparser for Python"
category = "main"
optional = false
python-versions = "*"

[package.dependencies]
six = ">=1.6.1,<2.0"

[[package]]
name = "cachetools"
version = "5.3.0"
description = "Extensible memoizing collections and decorators"
category = "main"
optional = false
python-versions = "~=3.7"

[[package]]
name = "certifi"
version = "2022.12.7"
description = "Python package for providing Mozilla's CA Bundle."
category = "main"
optional = false
python-versions = ">=3.6"

[[package]]
name = "charset-normalizer"
version = "3.1.0"
description = "The Real First Universal Charset Detector. Open, modern and actively maintained alternative to Chardet."
category = "main"
optional = false
python-versions = ">=3.7.0"

[[package]]
name = "contourpy"
version = "1.0.7"
description = "Python library for calculating contours of 2D quadrilateral grids"
category = "main"
optional = false
python-versions = ">=3.8"

[package.dependencies]
numpy = ">=1.16"

[package.extras]
bokeh = ["bokeh", "chromedriver", "selenium"]
docs = ["furo", "sphinx-copybutton"]
mypy = ["contourpy", "docutils-stubs", "mypy (==0.991)", "types-pillow"]
test = ["matplotlib", "pillow", "pytest"]
test-no-images = ["pytest"]

[[package]]
name = "cycler"
version = "0.11.0"
description = "Composable style cycles"
category = "main"
optional = false
python-versions = ">=3.6"

[[package]]
name = "flatbuffers"
version = "23.3.3"
description = "The FlatBuffers serialization format for Python"
category = "main"
optional = false
python-versions = "*"

[[package]]
name = "fonttools"
version = "4.38.0"
description = "Tools to manipulate font files"
category = "main"
optional = false
python-versions = ">=3.7"

[package.extras]
all = ["fs (>=2.2.0,<3)", "lxml (>=4.0,<5)", "zopfli (>=0.1.4)", "lz4 (>=1.7.4.2)", "matplotlib", "sympy", "skia-pathops (>=0.5.0)", "uharfbuzz (>=0.23.0)", "brotlicffi (>=0.8.0)", "scipy", "brotli (>=1.0.1)", "munkres", "unicodedata2 (>=14.0.0)", "xattr"]
graphite = ["lz4 (>=1.7.4.2)"]
interpolatable = ["scipy", "munkres"]
lxml = ["lxml (>=4.0,<5)"]
pathops = ["skia-pathops (>=0.5.0)"]
plot = ["matplotlib"]
repacker = ["uharfbuzz (>=0.23.0)"]
symfont = ["sympy"]
type1 = ["xattr"]
ufo = ["fs (>=2.2.0,<3)"]
unicode = ["unicodedata2 (>=14.0.0)"]
woff = ["zopfli (>=0.1.4)", "brotlicffi (>=0.8.0)", "brotli (>=1.0.1)"]

[[package]]
name = "gast"
version = "0.4.0"
description = "Python AST that abstracts the underlying Python version"
category = "main"
optional = false
python-versions = ">=2.7, !=3.0.*, !=3.1.*, !=3.2.*, !=3.3.*"

[[package]]
name = "google-auth"
version = "2.17.3"
description = "Google Authentication Library"
category = "main"
optional = false
python-versions = ">=2.7,!=3.0.*,!=3.1.*,!=3.2.*,!=3.3.*,!=3.4.*,!=3.5.*"

[package.dependencies]
cachetools = ">=2.0.0,<6.0"
pyasn1-modules = ">=0.2.1"
rsa = {version = ">=3.1.4,<5", markers = "python_version >= \"3.6\""}
six = ">=1.9.0"

[package.extras]
aiohttp = ["requests (>=2.20.0,<3.0.0dev)", "aiohttp (>=3.6.2,<4.0.0dev)"]
enterprise_cert = ["cryptography (==36.0.2)", "pyopenssl (==22.0.0)"]
pyopenssl = ["pyopenssl (>=20.0.0)", "cryptography (>=38.0.3)"]
reauth = ["pyu2f (>=0.1.5)"]
requests = ["requests (>=2.20.0,<3.0.0dev)"]

[[package]]
name = "google-auth-oauthlib"
version = "1.0.0"
description = "Google Authentication Library"
category = "main"
optional = false
python-versions = ">=3.6"

[package.dependencies]
google-auth = ">=2.15.0"
requests-oauthlib = ">=0.7.0"

[package.extras]
tool = ["click (>=6.0.0)"]

[[package]]
name = "google-pasta"
version = "0.2.0"
description = "pasta is an AST-based Python refactoring library"
category = "main"
optional = false
python-versions = "*"

[package.dependencies]
six = "*"

[[package]]
name = "grpcio"
version = "1.53.0"
description = "HTTP/2-based RPC framework"
category = "main"
optional = false
python-versions = ">=3.7"

[package.extras]
protobuf = ["grpcio-tools (>=1.53.0)"]

[[package]]
name = "h5py"
version = "3.8.0"
description = "Read and write HDF5 files from Python"
category = "main"
optional = false
python-versions = ">=3.7"

[package.dependencies]
numpy = ">=1.14.5"

[[package]]
name = "idna"
version = "3.4"
description = "Internationalized Domain Names in Applications (IDNA)"
category = "main"
optional = false
python-versions = ">=3.5"

[[package]]
name = "importlib-metadata"
version = "6.3.0"
description = "Read metadata from Python packages"
category = "main"
optional = false
python-versions = ">=3.7"

[package.dependencies]
zipp = ">=0.5"

[package.extras]
docs = ["sphinx (>=3.5)", "jaraco.packaging (>=9)", "rst.linker (>=1.9)", "furo", "sphinx-lint", "jaraco.tidelift (>=1.4)"]
perf = ["ipython"]
testing = ["pytest (>=6)", "pytest-checkdocs (>=2.4)", "flake8 (<5)", "pytest-cov", "pytest-enabler (>=1.3)", "packaging", "pyfakefs", "flufl.flake8", "pytest-perf (>=0.9.2)", "pytest-black (>=0.3.7)", "pytest-mypy (>=0.9.1)", "pytest-flake8", "importlib-resources (>=1.3)"]

[[package]]
name = "importlib-resources"
version = "5.12.0"
description = "Read resources from Python packages"
category = "main"
optional = false
python-versions = ">=3.7"

[package.dependencies]
zipp = {version = ">=3.1.0", markers = "python_version < \"3.10\""}

[package.extras]
docs = ["sphinx (>=3.5)", "jaraco.packaging (>=9)", "rst.linker (>=1.9)", "furo", "sphinx-lint", "jaraco.tidelift (>=1.4)"]
testing = ["pytest (>=6)", "pytest-checkdocs (>=2.4)", "flake8 (<5)", "pytest-cov", "pytest-enabler (>=1.3)", "pytest-black (>=0.3.7)", "pytest-mypy (>=0.9.1)", "pytest-flake8"]

[[package]]
name = "jax"
version = "0.4.8"
description = "Differentiate, compile, and transform Numpy code."
category = "main"
optional = false
python-versions = ">=3.8"

[package.dependencies]
ml_dtypes = ">=0.0.3"
numpy = ">=1.21"
opt_einsum = "*"
scipy = ">=1.7"

[package.extras]
australis = ["protobuf (>=3.13,<4)"]
ci = ["jaxlib (==0.4.7)"]
cpu = ["jaxlib (==0.4.7)"]
cuda = ["jaxlib (==0.4.7+cuda11.cudnn86)"]
cuda11_cudnn82 = ["jaxlib (==0.4.7+cuda11.cudnn82)"]
cuda11_cudnn86 = ["jaxlib (==0.4.7+cuda11.cudnn86)"]
cuda11_local = ["jaxlib (==0.4.7+cuda11.cudnn86)"]
cuda11_pip = ["jaxlib (==0.4.7+cuda11.cudnn86)", "nvidia-cublas-cu11 (>=11.11)", "nvidia-cuda-nvcc-cu11 (>=11.8)", "nvidia-cuda-runtime-cu11 (>=11.8)", "nvidia-cudnn-cu11 (>=8.6)", "nvidia-cufft-cu11 (>=10.9)", "nvidia-cusolver-cu11 (>=11.4)", "nvidia-cusparse-cu11 (>=11.7)"]
cuda12_local = ["jaxlib (==0.4.7+cuda12.cudnn88)"]
cuda12_pip = ["jaxlib (==0.4.7+cuda12.cudnn88)", "nvidia-cublas-cu12", "nvidia-cuda-nvcc-cu12", "nvidia-cuda-runtime-cu12", "nvidia-cudnn-cu12", "nvidia-cufft-cu12", "nvidia-cusolver-cu12", "nvidia-cusparse-cu12"]
minimum-jaxlib = ["jaxlib (==0.4.7)"]
tpu = ["jaxlib (==0.4.7)", "libtpu-nightly (==0.1.dev20230327)", "requests"]

[[package]]
name = "joblib"
version = "1.2.0"
description = "Lightweight pipelining with Python functions"
category = "main"
optional = false
python-versions = ">=3.7"

[[package]]
name = "keras"
version = "2.12.0"
description = "Deep learning for humans."
category = "main"
optional = false
python-versions = ">=3.8"

[[package]]
name = "kiwisolver"
version = "1.4.4"
description = "A fast implementation of the Cassowary constraint solver"
category = "main"
optional = false
python-versions = ">=3.7"

[[package]]
name = "libclang"
version = "16.0.0"
description = "Clang Python Bindings, mirrored from the official LLVM repo: https://github.com/llvm/llvm-project/tree/main/clang/bindings/python, to make the installation process easier."
category = "main"
optional = false
python-versions = "*"

[[package]]
name = "markdown"
version = "3.4.3"
description = "Python implementation of John Gruber's Markdown."
category = "main"
optional = false
python-versions = ">=3.7"

[package.dependencies]
importlib-metadata = {version = ">=4.4", markers = "python_version < \"3.10\""}

[package.extras]
testing = ["coverage", "pyyaml"]

[[package]]
name = "markupsafe"
version = "2.1.2"
description = "Safely add untrusted strings to HTML/XML markup."
category = "main"
optional = false
python-versions = ">=3.7"

[[package]]
name = "matplotlib"
version = "3.7.0"
description = "Python plotting package"
category = "main"
optional = false
python-versions = ">=3.8"

[package.dependencies]
contourpy = ">=1.0.1"
cycler = ">=0.10"
fonttools = ">=4.22.0"
importlib-resources = {version = ">=3.2.0", markers = "python_version < \"3.10\""}
kiwisolver = ">=1.0.1"
numpy = ">=1.20"
packaging = ">=20.0"
pillow = ">=6.2.0"
pyparsing = ">=2.3.1"
python-dateutil = ">=2.7"
setuptools_scm = ">=7"

[[package]]
name = "ml-dtypes"
version = "0.1.0"
description = ""
category = "main"
optional = false
python-versions = ">=3.7"

[package.dependencies]
numpy = [
    {version = ">1.20", markers = "python_version <= \"3.9\""},
    {version = ">=1.21.2", markers = "python_version > \"3.9\""},
]

[package.extras]
dev = ["absl-py", "pytest", "pytest-xdist", "pylint (>=2.6.0)", "pyink"]

[[package]]
name = "numpy"
version = "1.23.2"
description = "NumPy is the fundamental package for array computing with Python."
category = "main"
optional = false
python-versions = ">=3.8"

[[package]]
name = "oauthlib"
version = "3.2.2"
description = "A generic, spec-compliant, thorough implementation of the OAuth request-signing logic"
category = "main"
optional = false
python-versions = ">=3.6"

[package.extras]
rsa = ["cryptography (>=3.0.0)"]
signals = ["blinker (>=1.4.0)"]
signedtoken = ["cryptography (>=3.0.0)", "pyjwt (>=2.0.0,<3)"]

[[package]]
name = "opt-einsum"
version = "3.3.0"
description = "Optimizing numpys einsum function"
category = "main"
optional = false
python-versions = ">=3.5"

[package.dependencies]
numpy = ">=1.7"

[package.extras]
docs = ["sphinx (==1.2.3)", "sphinxcontrib-napoleon", "sphinx-rtd-theme", "numpydoc"]
tests = ["pytest", "pytest-cov", "pytest-pep8"]

[[package]]
name = "packaging"
version = "23.0"
description = "Core utilities for Python packages"
category = "main"
optional = false
python-versions = ">=3.7"

[[package]]
name = "pandas"
version = "1.5.3"
description = "Powerful data structures for data analysis, time series, and statistics"
category = "main"
optional = false
python-versions = ">=3.8"

[package.dependencies]
numpy = {version = ">=1.20.3", markers = "python_version < \"3.10\""}
python-dateutil = ">=2.8.1"
pytz = ">=2020.1"

[package.extras]
test = ["hypothesis (>=5.5.3)", "pytest (>=6.0)", "pytest-xdist (>=1.31)"]

[[package]]
name = "pillow"
version = "9.4.0"
description = "Python Imaging Library (Fork)"
category = "main"
optional = false
python-versions = ">=3.7"

[package.extras]
docs = ["furo", "olefile", "sphinx (>=2.4)", "sphinx-copybutton", "sphinx-inline-tabs", "sphinx-issues (>=3.0.1)", "sphinx-removed-in", "sphinxext-opengraph"]
tests = ["check-manifest", "coverage", "defusedxml", "markdown2", "olefile", "packaging", "pyroma", "pytest", "pytest-cov", "pytest-timeout"]

[[package]]
name = "protobuf"
version = "4.22.3"
description = ""
category = "main"
optional = false
python-versions = ">=3.7"

[[package]]
name = "pyasn1"
version = "0.4.8"
description = "ASN.1 types and codecs"
category = "main"
optional = false
python-versions = "*"

[[package]]
name = "pyasn1-modules"
version = "0.2.8"
description = "A collection of ASN.1-based protocols modules."
category = "main"
optional = false
python-versions = "*"

[package.dependencies]
pyasn1 = ">=0.4.6,<0.5.0"

[[package]]
name = "pyparsing"
version = "3.0.9"
description = "pyparsing module - Classes and methods to define and execute parsing grammars"
category = "main"
optional = false
python-versions = ">=3.6.8"

[package.extras]
diagrams = ["railroad-diagrams", "jinja2"]

[[package]]
name = "python-dateutil"
version = "2.8.2"
description = "Extensions to the standard Python datetime module"
category = "main"
optional = false
python-versions = "!=3.0.*,!=3.1.*,!=3.2.*,>=2.7"

[package.dependencies]
six = ">=1.5"

[[package]]
name = "pytz"
version = "2022.7.1"
description = "World timezone definitions, modern and historical"
category = "main"
optional = false
python-versions = "*"

[[package]]
name = "requests"
version = "2.28.2"
description = "Python HTTP for Humans."
category = "main"
optional = false
python-versions = ">=3.7, <4"

[package.dependencies]
certifi = ">=2017.4.17"
charset-normalizer = ">=2,<4"
idna = ">=2.5,<4"
urllib3 = ">=1.21.1,<1.27"

[package.extras]
socks = ["PySocks (>=1.5.6,!=1.5.7)"]
use_chardet_on_py3 = ["chardet (>=3.0.2,<6)"]

[[package]]
name = "requests-oauthlib"
version = "1.3.1"
description = "OAuthlib authentication support for Requests."
category = "main"
optional = false
python-versions = ">=2.7, !=3.0.*, !=3.1.*, !=3.2.*, !=3.3.*"

[package.dependencies]
oauthlib = ">=3.0.0"
requests = ">=2.0.0"

[package.extras]
rsa = ["oauthlib[signedtoken] (>=3.0.0)"]

[[package]]
name = "rsa"
version = "4.9"
description = "Pure-Python RSA implementation"
category = "main"
optional = false
python-versions = ">=3.6,<4"

[package.dependencies]
pyasn1 = ">=0.1.3"

[[package]]
name = "scikit-learn"
version = "1.2.1"
description = "A set of python modules for machine learning and data mining"
category = "main"
optional = false
python-versions = ">=3.8"

[package.dependencies]
joblib = ">=1.1.1"
numpy = ">=1.17.3"
scipy = ">=1.3.2"
threadpoolctl = ">=2.0.0"

[package.extras]
benchmark = ["matplotlib (>=3.1.3)", "pandas (>=1.0.5)", "memory-profiler (>=0.57.0)"]
docs = ["matplotlib (>=3.1.3)", "scikit-image (>=0.16.2)", "pandas (>=1.0.5)", "seaborn (>=0.9.0)", "memory-profiler (>=0.57.0)", "sphinx (>=4.0.1)", "sphinx-gallery (>=0.7.0)", "numpydoc (>=1.2.0)", "Pillow (>=7.1.2)", "pooch (>=1.6.0)", "sphinx-prompt (>=1.3.0)", "sphinxext-opengraph (>=0.4.2)", "plotly (>=5.10.0)"]
examples = ["matplotlib (>=3.1.3)", "scikit-image (>=0.16.2)", "pandas (>=1.0.5)", "seaborn (>=0.9.0)", "pooch (>=1.6.0)", "plotly (>=5.10.0)"]
tests = ["matplotlib (>=3.1.3)", "scikit-image (>=0.16.2)", "pandas (>=1.0.5)", "pytest (>=5.3.1)", "pytest-cov (>=2.9.0)", "flake8 (>=3.8.2)", "black (>=22.3.0)", "mypy (>=0.961)", "pyamg (>=4.0.0)", "numpydoc (>=1.2.0)", "pooch (>=1.6.0)"]

[[package]]
name = "scipy"
version = "1.9.3"
description = "Fundamental algorithms for scientific computing in Python"
category = "main"
optional = false
python-versions = ">=3.8"

[package.dependencies]
numpy = ">=1.18.5,<1.26.0"

[package.extras]
test = ["pytest", "pytest-cov", "pytest-xdist", "asv", "mpmath", "gmpy2", "threadpoolctl", "scikit-umfpack"]
doc = ["sphinx (!=4.1.0)", "pydata-sphinx-theme (==0.9.0)", "sphinx-panels (>=0.5.2)", "matplotlib (>2)", "numpydoc", "sphinx-tabs"]
dev = ["mypy", "typing-extensions", "pycodestyle", "flake8"]

[[package]]
name = "seaborn"
version = "0.12.2"
description = "Statistical data visualization"
category = "main"
optional = false
python-versions = ">=3.7"

[package.dependencies]
matplotlib = ">=3.1,<3.6.1 || >3.6.1"
numpy = ">=1.17,<1.24.0 || >1.24.0"
pandas = ">=0.25"

[package.extras]
dev = ["pytest", "pytest-cov", "pytest-xdist", "flake8", "mypy", "pandas-stubs", "pre-commit", "flit"]
docs = ["numpydoc", "nbconvert", "ipykernel", "sphinx-copybutton", "sphinx-issues", "sphinx-design", "pyyaml", "pydata_sphinx_theme (==0.10.0rc2)"]
stats = ["scipy (>=1.3)", "statsmodels (>=0.10)"]

[[package]]
name = "setuptools-scm"
version = "7.1.0"
description = "the blessed package to manage your versions by scm tags"
category = "main"
optional = false
python-versions = ">=3.7"

[package.dependencies]
packaging = ">=20.0"
tomli = {version = ">=1.0.0", markers = "python_version < \"3.11\""}
typing-extensions = "*"

[package.extras]
test = ["pytest (>=6.2)", "virtualenv (>20)"]
toml = ["setuptools (>=42)"]

[[package]]
name = "six"
version = "1.16.0"
description = "Python 2 and 3 compatibility utilities"
category = "main"
optional = false
python-versions = ">=2.7, !=3.0.*, !=3.1.*, !=3.2.*"

[[package]]
name = "tensorboard"
version = "2.12.1"
description = "TensorBoard lets you watch Tensors Flow"
category = "main"
optional = false
python-versions = ">=3.8"

[package.dependencies]
absl-py = ">=0.4"
google-auth = ">=1.6.3,<3"
google-auth-oauthlib = ">=0.5,<1.1"
grpcio = ">=1.48.2"
markdown = ">=2.6.8"
numpy = ">=1.12.0"
protobuf = ">=3.19.6"
requests = ">=2.21.0,<3"
tensorboard-data-server = ">=0.7.0,<0.8.0"
tensorboard-plugin-wit = ">=1.6.0"
werkzeug = ">=1.0.1"

[[package]]
name = "tensorboard-data-server"
version = "0.7.0"
description = "Fast data loading for TensorBoard"
category = "main"
optional = false
python-versions = ">=3.7"

[[package]]
name = "tensorboard-plugin-wit"
version = "1.8.1"
description = "What-If Tool TensorBoard plugin."
category = "main"
optional = false
python-versions = "*"

[[package]]
name = "tensorflow"
version = "2.12.0"
description = "TensorFlow is an open source machine learning framework for everyone."
category = "main"
optional = false
python-versions = ">=3.8"

[package.dependencies]
absl-py = ">=1.0.0"
astunparse = ">=1.6.0"
flatbuffers = ">=2.0"
gast = ">=0.2.1,<=0.4.0"
google-pasta = ">=0.1.1"
grpcio = ">=1.24.3,<2.0"
h5py = ">=2.9.0"
jax = ">=0.3.15"
keras = ">=2.12.0,<2.13"
libclang = ">=13.0.0"
numpy = ">=1.22,<1.24"
opt-einsum = ">=2.3.2"
packaging = "*"
protobuf = ">=3.20.3,<4.21.0 || >4.21.0,<4.21.1 || >4.21.1,<4.21.2 || >4.21.2,<4.21.3 || >4.21.3,<4.21.4 || >4.21.4,<4.21.5 || >4.21.5,<5.0.0dev"
six = ">=1.12.0"
tensorboard = ">=2.12,<2.13"
tensorflow-estimator = ">=2.12.0,<2.13"
tensorflow-io-gcs-filesystem = {version = ">=0.23.1", markers = "platform_machine != \"arm64\" or platform_system != \"Darwin\""}
termcolor = ">=1.1.0"
typing-extensions = ">=3.6.6"
wrapt = ">=1.11.0,<1.15"

[[package]]
name = "tensorflow-estimator"
version = "2.12.0"
description = "TensorFlow Estimator."
category = "main"
optional = false
python-versions = ">=3.7"

[[package]]
name = "tensorflow-io-gcs-filesystem"
version = "0.32.0"
description = "TensorFlow IO"
category = "main"
optional = false
python-versions = ">=3.7, <3.12"

[package.extras]
tensorflow = ["tensorflow (>=2.12.0,<2.13.0)"]
tensorflow-aarch64 = ["tensorflow-aarch64 (>=2.12.0,<2.13.0)"]
tensorflow-cpu = ["tensorflow-cpu (>=2.12.0,<2.13.0)"]
tensorflow-gpu = ["tensorflow-gpu (>=2.12.0,<2.13.0)"]
tensorflow-rocm = ["tensorflow-rocm (>=2.12.0,<2.13.0)"]

[[package]]
name = "termcolor"
version = "2.2.0"
description = "ANSI color formatting for output in terminal"
category = "main"
optional = false
python-versions = ">=3.7"

[package.extras]
tests = ["pytest", "pytest-cov"]

[[package]]
name = "threadpoolctl"
version = "3.1.0"
description = "threadpoolctl"
category = "main"
optional = false
python-versions = ">=3.6"

[[package]]
name = "tomli"
version = "2.0.1"
description = "A lil' TOML parser"
category = "main"
optional = false
python-versions = ">=3.7"

[[package]]
name = "typing-extensions"
version = "4.5.0"
description = "Backported and Experimental Type Hints for Python 3.7+"
category = "main"
optional = false
python-versions = ">=3.7"

[[package]]
name = "urllib3"
version = "1.26.15"
description = "HTTP library with thread-safe connection pooling, file post, and more."
category = "main"
optional = false
python-versions = ">=2.7, !=3.0.*, !=3.1.*, !=3.2.*, !=3.3.*, !=3.4.*, !=3.5.*"

[package.extras]
brotli = ["brotlicffi (>=0.8.0)", "brotli (>=1.0.9)", "brotlipy (>=0.6.0)"]
secure = ["pyOpenSSL (>=0.14)", "cryptography (>=1.3.4)", "idna (>=2.0.0)", "certifi", "urllib3-secure-extra", "ipaddress"]
socks = ["PySocks (>=1.5.6,!=1.5.7,<2.0)"]

[[package]]
name = "werkzeug"
version = "2.2.3"
description = "The comprehensive WSGI web application library."
category = "main"
optional = false
python-versions = ">=3.7"

[package.dependencies]
MarkupSafe = ">=2.1.1"

[package.extras]
watchdog = ["watchdog"]

[[package]]
name = "wrapt"
version = "1.14.1"
description = "Module for decorators, wrappers and monkey patching."
category = "main"
optional = false
python-versions = "!=3.0.*,!=3.1.*,!=3.2.*,!=3.3.*,!=3.4.*,>=2.7"

[[package]]
name = "zipp"
version = "3.15.0"
description = "Backport of pathlib-compatible object wrapper for zip files"
category = "main"
optional = false
python-versions = ">=3.7"

[package.extras]
docs = ["sphinx (>=3.5)", "jaraco.packaging (>=9)", "rst.linker (>=1.9)", "furo", "sphinx-lint", "jaraco.tidelift (>=1.4)"]
testing = ["pytest (>=6)", "pytest-checkdocs (>=2.4)", "flake8 (<5)", "pytest-cov", "pytest-enabler (>=1.3)", "jaraco.itertools", "jaraco.functools", "more-itertools", "big-o", "pytest-black (>=0.3.7)", "pytest-mypy (>=0.9.1)", "pytest-flake8"]

[metadata]
lock-version = "1.1"
python-versions = "~3.9"
content-hash = "b72035547bdfdcb59e9b5ea08c5465fd06ec4390e1eb9a48b4b471a99a21270a"

[metadata.files]
absl-py = []
astunparse = []
cachetools = []
certifi = []
charset-normalizer = []
contourpy = []
cycler = []
flatbuffers = []
fonttools = []
gast = []
google-auth = []
google-auth-oauthlib = []
google-pasta = []
grpcio = []
h5py = []
idna = []
importlib-metadata = []
importlib-resources = []
jax = []
joblib = []
keras = []
kiwisolver = []
libclang = []
markdown = []
markupsafe = []
matplotlib = []
ml-dtypes = []
numpy = []
oauthlib = []
opt-einsum = []
packaging = []
pandas = []
pillow = []
protobuf = []
pyasn1 = [
    {file = "pyasn1-0.4.8-py2.4.egg", hash = "sha256:fec3e9d8e36808a28efb59b489e4528c10ad0f480e57dcc32b4de5c9d8c9fdf3"},
    {file = "pyasn1-0.4.8-py2.5.egg", hash = "sha256:0458773cfe65b153891ac249bcf1b5f8f320b7c2ce462151f8fa74de8934becf"},
    {file = "pyasn1-0.4.8-py2.6.egg", hash = "sha256:5c9414dcfede6e441f7e8f81b43b34e834731003427e5b09e4e00e3172a10f00"},
    {file = "pyasn1-0.4.8-py2.7.egg", hash = "sha256:6e7545f1a61025a4e58bb336952c5061697da694db1cae97b116e9c46abcf7c8"},
    {file = "pyasn1-0.4.8-py2.py3-none-any.whl", hash = "sha256:39c7e2ec30515947ff4e87fb6f456dfc6e84857d34be479c9d4a4ba4bf46aa5d"},
    {file = "pyasn1-0.4.8-py3.1.egg", hash = "sha256:78fa6da68ed2727915c4767bb386ab32cdba863caa7dbe473eaae45f9959da86"},
    {file = "pyasn1-0.4.8-py3.2.egg", hash = "sha256:08c3c53b75eaa48d71cf8c710312316392ed40899cb34710d092e96745a358b7"},
    {file = "pyasn1-0.4.8-py3.3.egg", hash = "sha256:03840c999ba71680a131cfaee6fab142e1ed9bbd9c693e285cc6aca0d555e576"},
    {file = "pyasn1-0.4.8-py3.4.egg", hash = "sha256:7ab8a544af125fb704feadb008c99a88805126fb525280b2270bb25cc1d78a12"},
    {file = "pyasn1-0.4.8-py3.5.egg", hash = "sha256:e89bf84b5437b532b0803ba5c9a5e054d21fec423a89952a74f87fa2c9b7bce2"},
    {file = "pyasn1-0.4.8-py3.6.egg", hash = "sha256:014c0e9976956a08139dc0712ae195324a75e142284d5f87f1a87ee1b068a359"},
    {file = "pyasn1-0.4.8-py3.7.egg", hash = "sha256:99fcc3c8d804d1bc6d9a099921e39d827026409a58f2a720dcdb89374ea0c776"},
    {file = "pyasn1-0.4.8.tar.gz", hash = "sha256:aef77c9fb94a3ac588e87841208bdec464471d9871bd5050a287cc9a475cd0ba"},
]
pyasn1-modules = [
    {file = "pyasn1-modules-0.2.8.tar.gz", hash = "sha256:905f84c712230b2c592c19470d3ca8d552de726050d1d1716282a1f6146be65e"},
    {file = "pyasn1_modules-0.2.8-py2.4.egg", hash = "sha256:0fe1b68d1e486a1ed5473f1302bd991c1611d319bba158e98b106ff86e1d7199"},
    {file = "pyasn1_modules-0.2.8-py2.5.egg", hash = "sha256:fe0644d9ab041506b62782e92b06b8c68cca799e1a9636ec398675459e031405"},
    {file = "pyasn1_modules-0.2.8-py2.6.egg", hash = "sha256:a99324196732f53093a84c4369c996713eb8c89d360a496b599fb1a9c47fc3eb"},
    {file = "pyasn1_modules-0.2.8-py2.7.egg", hash = "sha256:0845a5582f6a02bb3e1bde9ecfc4bfcae6ec3210dd270522fee602365430c3f8"},
    {file = "pyasn1_modules-0.2.8-py2.py3-none-any.whl", hash = "sha256:a50b808ffeb97cb3601dd25981f6b016cbb3d31fbf57a8b8a87428e6158d0c74"},
    {file = "pyasn1_modules-0.2.8-py3.1.egg", hash = "sha256:f39edd8c4ecaa4556e989147ebf219227e2cd2e8a43c7e7fcb1f1c18c5fd6a3d"},
    {file = "pyasn1_modules-0.2.8-py3.2.egg", hash = "sha256:b80486a6c77252ea3a3e9b1e360bc9cf28eaac41263d173c032581ad2f20fe45"},
    {file = "pyasn1_modules-0.2.8-py3.3.egg", hash = "sha256:65cebbaffc913f4fe9e4808735c95ea22d7a7775646ab690518c056784bc21b4"},
    {file = "pyasn1_modules-0.2.8-py3.4.egg", hash = "sha256:15b7c67fabc7fc240d87fb9aabf999cf82311a6d6fb2c70d00d3d0604878c811"},
    {file = "pyasn1_modules-0.2.8-py3.5.egg", hash = "sha256:426edb7a5e8879f1ec54a1864f16b882c2837bfd06eee62f2c982315ee2473ed"},
    {file = "pyasn1_modules-0.2.8-py3.6.egg", hash = "sha256:cbac4bc38d117f2a49aeedec4407d23e8866ea4ac27ff2cf7fb3e5b570df19e0"},
    {file = "pyasn1_modules-0.2.8-py3.7.egg", hash = "sha256:c29a5e5cc7a3f05926aff34e097e84f8589cd790ce0ed41b67aed6857b26aafd"},
]
pyparsing = []
python-dateutil = [
    {file = "python-dateutil-2.8.2.tar.gz", hash = "sha256:0123cacc1627ae19ddf3c27a5de5bd67ee4586fbdd6440d9748f8abb483d3e86"},
    {file = "python_dateutil-2.8.2-py2.py3-none-any.whl", hash = "sha256:961d03dc3453ebbc59dbdea9e4e11c5651520a876d0f4db161e8674aae935da9"},
]
pytz = []
requests = []
requests-oauthlib = []
rsa = []
scikit-learn = []
scipy = []
seaborn = []
setuptools-scm = []
six = [
    {file = "six-1.16.0-py2.py3-none-any.whl", hash = "sha256:8abb2f1d86890a2dfb989f9a77cfcfd3e47c2a354b01111771326f8aa26e0254"},
    {file = "six-1.16.0.tar.gz", hash = "sha256:1e61c37477a1626458e36f7b1d82aa5c9b094fa4802892072e49de9c60c4c926"},
]
tensorboard = []
tensorboard-data-server = []
tensorboard-plugin-wit = []
tensorflow = []
tensorflow-estimator = []
tensorflow-io-gcs-filesystem = []
termcolor = []
threadpoolctl = []
tomli = [
    {file = "tomli-2.0.1-py3-none-any.whl", hash = "sha256:939de3e7a6161af0c887ef91b7d41a53e7c5a1ca976325f429cb46ea9bc30ecc"},
    {file = "tomli-2.0.1.tar.gz", hash = "sha256:de526c12914f0c550d15924c62d72abc48d6fe7364aa87328337a31007fe8a4f"},
]
typing-extensions = []
urllib3 = []
werkzeug = []
wrapt = []
zipp = []
